
Microsoft Visual Studio Solution File, Format Version 12.00
# Visual Studio Version 17
VisualStudioVersion = 17.0.31903.59
MinimumVisualStudioVersion = 10.0.40219.1
Project("{FAE04EC0-301F-11D3-BF4B-00C04F79EFBC}") = "Api", "Api\Api.csproj", "{2E1317A8-720F-449C-943B-FCDFFEE6A66D}"
EndProject
Project("{FAE04EC0-301F-11D3-BF4B-00C04F79EFBC}") = "Api.Tests", "Api.Tests\Api.Tests.csproj", "{7261D4D1-5342-4E4B-A1B8-4E1EDB9E31EC}"
EndProject
Global
	GlobalSection(SolutionConfigurationPlatforms) = preSolution
		Debug|Any CPU = Debug|Any CPU
		Debug|x64 = Debug|x64
		Debug|x86 = Debug|x86
		Release|Any CPU = Release|Any CPU
		Release|x64 = Release|x64
		Release|x86 = Release|x86
	EndGlobalSection
	GlobalSection(ProjectConfigurationPlatforms) = postSolution
		{2E1317A8-720F-449C-943B-FCDFFEE6A66D}.Debug|Any CPU.ActiveCfg = Debug|Any CPU
		{2E1317A8-720F-449C-943B-FCDFFEE6A66D}.Debug|Any CPU.Build.0 = Debug|Any CPU
		{2E1317A8-720F-449C-943B-FCDFFEE6A66D}.Debug|x64.ActiveCfg = Debug|Any CPU
		{2E1317A8-720F-449C-943B-FCDFFEE6A66D}.Debug|x64.Build.0 = Debug|Any CPU
		{2E1317A8-720F-449C-943B-FCDFFEE6A66D}.Debug|x86.ActiveCfg = Debug|Any CPU
		{2E1317A8-720F-449C-943B-FCDFFEE6A66D}.Debug|x86.Build.0 = Debug|Any CPU
		{2E1317A8-720F-449C-943B-FCDFFEE6A66D}.Release|Any CPU.ActiveCfg = Release|Any CPU
		{2E1317A8-720F-449C-943B-FCDFFEE6A66D}.Release|Any CPU.Build.0 = Release|Any CPU
		{2E1317A8-720F-449C-943B-FCDFFEE6A66D}.Release|x64.ActiveCfg = Release|Any CPU
		{2E1317A8-720F-449C-943B-FCDFFEE6A66D}.Release|x64.Build.0 = Release|Any CPU
		{2E1317A8-720F-449C-943B-FCDFFEE6A66D}.Release|x86.ActiveCfg = Release|Any CPU
		{2E1317A8-720F-449C-943B-FCDFFEE6A66D}.Release|x86.Build.0 = Release|Any CPU
		{7261D4D1-5342-4E4B-A1B8-4E1EDB9E31EC}.Debug|Any CPU.ActiveCfg = Debug|Any CPU
		{7261D4D1-5342-4E4B-A1B8-4E1EDB9E31EC}.Debug|Any CPU.Build.0 = Debug|Any CPU
		{7261D4D1-5342-4E4B-A1B8-4E1EDB9E31EC}.Debug|x64.ActiveCfg = Debug|Any CPU
		{7261D4D1-5342-4E4B-A1B8-4E1EDB9E31EC}.Debug|x64.Build.0 = Debug|Any CPU
		{7261D4D1-5342-4E4B-A1B8-4E1EDB9E31EC}.Debug|x86.ActiveCfg = Debug|Any CPU
		{7261D4D1-5342-4E4B-A1B8-4E1EDB9E31EC}.Debug|x86.Build.0 = Debug|Any CPU
		{7261D4D1-5342-4E4B-A1B8-4E1EDB9E31EC}.Release|Any CPU.ActiveCfg = Release|Any CPU
		{7261D4D1-5342-4E4B-A1B8-4E1EDB9E31EC}.Release|Any CPU.Build.0 = Release|Any CPU
		{7261D4D1-5342-4E4B-A1B8-4E1EDB9E31EC}.Release|x64.ActiveCfg = Release|Any CPU
		{7261D4D1-5342-4E4B-A1B8-4E1EDB9E31EC}.Release|x64.Build.0 = Release|Any CPU
		{7261D4D1-5342-4E4B-A1B8-4E1EDB9E31EC}.Release|x86.ActiveCfg = Release|Any CPU
		{7261D4D1-5342-4E4B-A1B8-4E1EDB9E31EC}.Release|x86.Build.0 = Release|Any CPU
	EndGlobalSection
	GlobalSection(SolutionProperties) = preSolution
		HideSolutionNode = FALSE
	EndGlobalSection
EndGlobal
