Microsoft Visual Studio Solution File, Format Version 12.00
# Visual Studio Version 17
VisualStudioVersion = 17.5.2.0
MinimumVisualStudioVersion = 10.0.40219.1
Project("{FAE04EC0-301F-11D3-BF4B-00C04F79EFBC}") = "Exemplo.Console", "Exemplo.Console\Exemplo.Console.csproj", "{3380DE16-D566-E7FD-09A0-7FE6A762451E}"
EndProject
Project("{FAE04EC0-301F-11D3-BF4B-00C04F79EFBC}") = "Exemplo.Tests", "Exemplo.Tests\Exemplo.Tests.csproj", "{24DAB731-7E58-F544-51E1-56ECA68F88BC}"
EndProject
Global
	GlobalSection(SolutionConfigurationPlatforms) = preSolution
		Debug|Any CPU = Debug|Any CPU
		Release|Any CPU = Release|Any CPU
	EndGlobalSection
	GlobalSection(ProjectConfigurationPlatforms) = postSolution
		{3380DE16-D566-E7FD-09A0-7FE6A762451E}.Debug|Any CPU.ActiveCfg = Debug|Any CPU
		{3380DE16-D566-E7FD-09A0-7FE6A762451E}.Debug|Any CPU.Build.0 = Debug|Any CPU
		{3380DE16-D566-E7FD-09A0-7FE6A762451E}.Release|Any CPU.ActiveCfg = Release|Any CPU
		{3380DE16-D566-E7FD-09A0-7FE6A762451E}.Release|Any CPU.Build.0 = Release|Any CPU
		{24DAB731-7E58-F544-51E1-56ECA68F88BC}.Debug|Any CPU.ActiveCfg = Debug|Any CPU
		{24DAB731-7E58-F544-51E1-56ECA68F88BC}.Debug|Any CPU.Build.0 = Debug|Any CPU
		{24DAB731-7E58-F544-51E1-56ECA68F88BC}.Release|Any CPU.ActiveCfg = Release|Any CPU
		{24DAB731-7E58-F544-51E1-56ECA68F88BC}.Release|Any CPU.Build.0 = Release|Any CPU
	EndGlobalSection
	GlobalSection(SolutionProperties) = preSolution
		HideSolutionNode = FALSE
	EndGlobalSection
	GlobalSection(ExtensibilityGlobals) = postSolution
		SolutionGuid = {3494454B-76CF-4BA0-B44A-922D5E08FB0E}
	EndGlobalSection
EndGlobal
