
Microsoft Visual Studio Solution File, Format Version 12.00
# Visual Studio Version 17
VisualStudioVersion = 17.0.31903.59
MinimumVisualStudioVersion = 10.0.40219.1
Project("{FAE04EC0-301F-11D3-BF4B-00C04F79EFBC}") = "BankingApp.Tests", "BankingApp.Tests\BankingApp.Tests.csproj", "{0DC2AC3D-C608-4B0A-89E3-FCC6B25E474D}"
EndProject
Project("{FAE04EC0-301F-11D3-BF4B-00C04F79EFBC}") = "BankingApp.Console", "BankingApp.Console\BankingApp.Console.csproj", "{654369FA-8787-4467-BBA1-238FDBE4A714}"
EndProject
Global
	GlobalSection(SolutionConfigurationPlatforms) = preSolution
		Debug|Any CPU = Debug|Any CPU
		Debug|x64 = Debug|x64
		Debug|x86 = Debug|x86
		Release|Any CPU = Release|Any CPU
		Release|x64 = Release|x64
		Release|x86 = Release|x86
	EndGlobalSection
	GlobalSection(ProjectConfigurationPlatforms) = postSolution
		{0DC2AC3D-C608-4B0A-89E3-FCC6B25E474D}.Debug|Any CPU.ActiveCfg = Debug|Any CPU
		{0DC2AC3D-C608-4B0A-89E3-FCC6B25E474D}.Debug|Any CPU.Build.0 = Debug|Any CPU
		{0DC2AC3D-C608-4B0A-89E3-FCC6B25E474D}.Debug|x64.ActiveCfg = Debug|Any CPU
		{0DC2AC3D-C608-4B0A-89E3-FCC6B25E474D}.Debug|x64.Build.0 = Debug|Any CPU
		{0DC2AC3D-C608-4B0A-89E3-FCC6B25E474D}.Debug|x86.ActiveCfg = Debug|Any CPU
		{0DC2AC3D-C608-4B0A-89E3-FCC6B25E474D}.Debug|x86.Build.0 = Debug|Any CPU
		{0DC2AC3D-C608-4B0A-89E3-FCC6B25E474D}.Release|Any CPU.ActiveCfg = Release|Any CPU
		{0DC2AC3D-C608-4B0A-89E3-FCC6B25E474D}.Release|Any CPU.Build.0 = Release|Any CPU
		{0DC2AC3D-C608-4B0A-89E3-FCC6B25E474D}.Release|x64.ActiveCfg = Release|Any CPU
		{0DC2AC3D-C608-4B0A-89E3-FCC6B25E474D}.Release|x64.Build.0 = Release|Any CPU
		{0DC2AC3D-C608-4B0A-89E3-FCC6B25E474D}.Release|x86.ActiveCfg = Release|Any CPU
		{0DC2AC3D-C608-4B0A-89E3-FCC6B25E474D}.Release|x86.Build.0 = Release|Any CPU
		{654369FA-8787-4467-BBA1-238FDBE4A714}.Debug|Any CPU.ActiveCfg = Debug|Any CPU
		{654369FA-8787-4467-BBA1-238FDBE4A714}.Debug|Any CPU.Build.0 = Debug|Any CPU
		{654369FA-8787-4467-BBA1-238FDBE4A714}.Debug|x64.ActiveCfg = Debug|Any CPU
		{654369FA-8787-4467-BBA1-238FDBE4A714}.Debug|x64.Build.0 = Debug|Any CPU
		{654369FA-8787-4467-BBA1-238FDBE4A714}.Debug|x86.ActiveCfg = Debug|Any CPU
		{654369FA-8787-4467-BBA1-238FDBE4A714}.Debug|x86.Build.0 = Debug|Any CPU
		{654369FA-8787-4467-BBA1-238FDBE4A714}.Release|Any CPU.ActiveCfg = Release|Any CPU
		{654369FA-8787-4467-BBA1-238FDBE4A714}.Release|Any CPU.Build.0 = Release|Any CPU
		{654369FA-8787-4467-BBA1-238FDBE4A714}.Release|x64.ActiveCfg = Release|Any CPU
		{654369FA-8787-4467-BBA1-238FDBE4A714}.Release|x64.Build.0 = Release|Any CPU
		{654369FA-8787-4467-BBA1-238FDBE4A714}.Release|x86.ActiveCfg = Release|Any CPU
		{654369FA-8787-4467-BBA1-238FDBE4A714}.Release|x86.Build.0 = Release|Any CPU
	EndGlobalSection
	GlobalSection(SolutionProperties) = preSolution
		HideSolutionNode = FALSE
	EndGlobalSection
EndGlobal
