Microsoft Visual Studio Solution File, Format Version 12.00
# Visual Studio Version 17
VisualStudioVersion = 17.5.2.0
MinimumVisualStudioVersion = 10.0.40219.1
Project("{FAE04EC0-301F-11D3-BF4B-00C04F79EFBC}") = "calculator.console", "calculator.console\calculator.console.csproj", "{1C06756F-F0D4-4E6C-0907-3207154F1CCC}"
EndProject
Project("{FAE04EC0-301F-11D3-BF4B-00C04F79EFBC}") = "calculator.lib", "calculator.lib\calculator.lib.csproj", "{E3420356-DBD3-59AE-D04C-6EC895C8140A}"
EndProject
Project("{FAE04EC0-301F-11D3-BF4B-00C04F79EFBC}") = "calculator.Tests", "calculator.Tests\calculator.Tests.csproj", "{EA92E321-D143-B708-0CD6-D04441D123F8}"
EndProject
Global
	GlobalSection(SolutionConfigurationPlatforms) = preSolution
		Debug|Any CPU = Debug|Any CPU
		Release|Any CPU = Release|Any CPU
	EndGlobalSection
	GlobalSection(ProjectConfigurationPlatforms) = postSolution
		{1C06756F-F0D4-4E6C-0907-3207154F1CCC}.Debug|Any CPU.ActiveCfg = Debug|Any CPU
		{1C06756F-F0D4-4E6C-0907-3207154F1CCC}.Debug|Any CPU.Build.0 = Debug|Any CPU
		{1C06756F-F0D4-4E6C-0907-3207154F1CCC}.Release|Any CPU.ActiveCfg = Release|Any CPU
		{1C06756F-F0D4-4E6C-0907-3207154F1CCC}.Release|Any CPU.Build.0 = Release|Any CPU
		{E3420356-DBD3-59AE-D04C-6EC895C8140A}.Debug|Any CPU.ActiveCfg = Debug|Any CPU
		{E3420356-DBD3-59AE-D04C-6EC895C8140A}.Debug|Any CPU.Build.0 = Debug|Any CPU
		{E3420356-DBD3-59AE-D04C-6EC895C8140A}.Release|Any CPU.ActiveCfg = Release|Any CPU
		{E3420356-DBD3-59AE-D04C-6EC895C8140A}.Release|Any CPU.Build.0 = Release|Any CPU
		{EA92E321-D143-B708-0CD6-D04441D123F8}.Debug|Any CPU.ActiveCfg = Debug|Any CPU
		{EA92E321-D143-B708-0CD6-D04441D123F8}.Debug|Any CPU.Build.0 = Debug|Any CPU
		{EA92E321-D143-B708-0CD6-D04441D123F8}.Release|Any CPU.ActiveCfg = Release|Any CPU
		{EA92E321-D143-B708-0CD6-D04441D123F8}.Release|Any CPU.Build.0 = Release|Any CPU
	EndGlobalSection
	GlobalSection(SolutionProperties) = preSolution
		HideSolutionNode = FALSE
	EndGlobalSection
	GlobalSection(ExtensibilityGlobals) = postSolution
		SolutionGuid = {E4D85F07-61ED-49AB-8347-9BD225E3ED88}
	EndGlobalSection
EndGlobal
