
Microsoft Visual Studio Solution File, Format Version 12.00
# Visual Studio Version 17
VisualStudioVersion = 17.0.31903.59
MinimumVisualStudioVersion = 10.0.40219.1
Project("{FAE04EC0-301F-11D3-BF4B-00C04F79EFBC}") = "TestLegibilidade", "TestLegibilidade\TestLegibilidade.csproj", "{BCD464CD-D48D-41F9-ACBF-DEF10F165DEB}"
EndProject
Project("{FAE04EC0-301F-11D3-BF4B-00C04F79EFBC}") = "TestLegibilidade.Tests", "TestLegibilidade.Tests\TestLegibilidade.Tests.csproj", "{9018E2CD-C766-42F2-A34F-FBCBC613F05F}"
EndProject
Global
	GlobalSection(SolutionConfigurationPlatforms) = preSolution
		Debug|Any CPU = Debug|Any CPU
		Debug|x64 = Debug|x64
		Debug|x86 = Debug|x86
		Release|Any CPU = Release|Any CPU
		Release|x64 = Release|x64
		Release|x86 = Release|x86
	EndGlobalSection
	GlobalSection(ProjectConfigurationPlatforms) = postSolution
		{BCD464CD-D48D-41F9-ACBF-DEF10F165DEB}.Debug|Any CPU.ActiveCfg = Debug|Any CPU
		{BCD464CD-D48D-41F9-ACBF-DEF10F165DEB}.Debug|Any CPU.Build.0 = Debug|Any CPU
		{BCD464CD-D48D-41F9-ACBF-DEF10F165DEB}.Debug|x64.ActiveCfg = Debug|Any CPU
		{BCD464CD-D48D-41F9-ACBF-DEF10F165DEB}.Debug|x64.Build.0 = Debug|Any CPU
		{BCD464CD-D48D-41F9-ACBF-DEF10F165DEB}.Debug|x86.ActiveCfg = Debug|Any CPU
		{BCD464CD-D48D-41F9-ACBF-DEF10F165DEB}.Debug|x86.Build.0 = Debug|Any CPU
		{BCD464CD-D48D-41F9-ACBF-DEF10F165DEB}.Release|Any CPU.ActiveCfg = Release|Any CPU
		{BCD464CD-D48D-41F9-ACBF-DEF10F165DEB}.Release|Any CPU.Build.0 = Release|Any CPU
		{BCD464CD-D48D-41F9-ACBF-DEF10F165DEB}.Release|x64.ActiveCfg = Release|Any CPU
		{BCD464CD-D48D-41F9-ACBF-DEF10F165DEB}.Release|x64.Build.0 = Release|Any CPU
		{BCD464CD-D48D-41F9-ACBF-DEF10F165DEB}.Release|x86.ActiveCfg = Release|Any CPU
		{BCD464CD-D48D-41F9-ACBF-DEF10F165DEB}.Release|x86.Build.0 = Release|Any CPU
		{9018E2CD-C766-42F2-A34F-FBCBC613F05F}.Debug|Any CPU.ActiveCfg = Debug|Any CPU
		{9018E2CD-C766-42F2-A34F-FBCBC613F05F}.Debug|Any CPU.Build.0 = Debug|Any CPU
		{9018E2CD-C766-42F2-A34F-FBCBC613F05F}.Debug|x64.ActiveCfg = Debug|Any CPU
		{9018E2CD-C766-42F2-A34F-FBCBC613F05F}.Debug|x64.Build.0 = Debug|Any CPU
		{9018E2CD-C766-42F2-A34F-FBCBC613F05F}.Debug|x86.ActiveCfg = Debug|Any CPU
		{9018E2CD-C766-42F2-A34F-FBCBC613F05F}.Debug|x86.Build.0 = Debug|Any CPU
		{9018E2CD-C766-42F2-A34F-FBCBC613F05F}.Release|Any CPU.ActiveCfg = Release|Any CPU
		{9018E2CD-C766-42F2-A34F-FBCBC613F05F}.Release|Any CPU.Build.0 = Release|Any CPU
		{9018E2CD-C766-42F2-A34F-FBCBC613F05F}.Release|x64.ActiveCfg = Release|Any CPU
		{9018E2CD-C766-42F2-A34F-FBCBC613F05F}.Release|x64.Build.0 = Release|Any CPU
		{9018E2CD-C766-42F2-A34F-FBCBC613F05F}.Release|x86.ActiveCfg = Release|Any CPU
		{9018E2CD-C766-42F2-A34F-FBCBC613F05F}.Release|x86.Build.0 = Release|Any CPU
	EndGlobalSection
	GlobalSection(SolutionProperties) = preSolution
		HideSolutionNode = FALSE
	EndGlobalSection
EndGlobal
